<?xml version="1.0" encoding="utf-8"?>
<Project ToolsVersion="4.0" xmlns="http://schemas.microsoft.com/developer/msbuild/2003">
  <ItemGroup>
    <ClCompile Include="Code Files\AudioEngine.cpp" />
    <ClCompile Include="Code Files\BloomEffect.cpp" />
    <ClCompile Include="Code Files\Camera.cpp" />
    <ClCompile Include="Code Files\Application.cpp" />
    <ClCompile Include="Code Files\ColorCorrection.cpp" />
    <ClCompile Include="Code Files\Dependencies\tinygltf\tiny_gltf_impl.cpp" />
    <ClCompile Include="Code Files\DynamicRenderer.cpp" />
    <ClCompile Include="Code Files\ECS.cpp" />
    <ClCompile Include="Code Files\Effect.cpp" />
    <ClCompile Include="Code Files\EnemyAI.cpp" />
    <ClCompile Include="Code Files\FrameBuffer.cpp" />
    <ClCompile Include="Code Files\Game.cpp" />
    <ClCompile Include="Code Files\GamepadInput.cpp" />
    <ClCompile Include="Code Files\GLTFLoader.cpp" />
    <ClCompile Include="Code Files\GreyscaleEffect.cpp" />
    <ClCompile Include="Code Files\Input.cpp" />
    <ClCompile Include="Code Files\main.cpp" />
    <ClCompile Include="Code Files\Mesh.cpp" />
    <ClCompile Include="Code Files\MorphAnimController.cpp" />
    <ClCompile Include="Code Files\Projectile.cpp" />
    <ClCompile Include="Code Files\Random.cpp" />
    <ClCompile Include="Code Files\Scene.cpp" />
    <ClCompile Include="Code Files\ScoreHandler.cpp" />
    <ClCompile Include="Code Files\SepiaEffect.cpp" />
    <ClCompile Include="Code Files\Shader.cpp" />
    <ClCompile Include="Code Files\Skybox.cpp" />
    <ClCompile Include="Code Files\Sprite2D.cpp" />
    <ClCompile Include="Code Files\Sprite2DAnimation.cpp" />
    <ClCompile Include="Code Files\StaticRenderer.cpp" />
    <ClCompile Include="Code Files\Texture.cpp" />
    <ClCompile Include="Code Files\Transform.cpp" />
    <ClCompile Include="Code Files\ParticleSystem.cpp" />
    <ClCompile Include="Code Files\PixelationEffect.cpp" />
  </ItemGroup>
  <ItemGroup>
    <ClInclude Include="Code Files\Application.h" />
    <ClInclude Include="Code Files\AudioEngine.h" />
    <ClInclude Include="Code Files\BloomEffect.h" />
    <ClInclude Include="Code Files\Camera.h" />
    <ClInclude Include="Code Files\ColorCorrection.h" />
    <ClInclude Include="Code Files\Dependencies\tinygltf\stb_image.h" />
    <ClInclude Include="Code Files\Dependencies\tinygltf\stb_image_write.h" />
    <ClInclude Include="Code Files\Dependencies\tinygltf\tiny_gltf.h" />
    <ClInclude Include="Code Files\DynamicRenderer.h" />
    <ClInclude Include="Code Files\ECS.h" />
    <ClInclude Include="Code Files\Effect.h" />
    <ClInclude Include="Code Files\EnemyAI.h" />
    <ClInclude Include="Code Files\FrameBuffer.h" />
    <ClInclude Include="Code Files\Game.h" />
    <ClInclude Include="Code Files\GamepadInput.h" />
    <ClInclude Include="Code Files\GLTFLoader.h" />
    <ClInclude Include="Code Files\GreyscaleEffect.h" />
    <ClInclude Include="Code Files\Input.h" />
    <ClInclude Include="Code Files\JSON.h" />
    <ClInclude Include="Code Files\Material.h" />
    <ClInclude Include="Code Files\Mesh.h" />
    <ClInclude Include="Code Files\MorphAnimController.h" />
    <ClInclude Include="Code Files\OBJLoader.h" />
    <ClInclude Include="Code Files\Projectile.h" />
    <ClInclude Include="Code Files\Random.h" />
    <ClInclude Include="Code Files\Scene.h" />
    <ClInclude Include="Code Files\ScoreHandler.h" />
    <ClInclude Include="Code Files\SepiaEffect.h" />
    <ClInclude Include="Code Files\Shader.h" />
    <ClInclude Include="Code Files\Skybox.h" />
    <ClInclude Include="Code Files\Sprite2D.h" />
    <ClInclude Include="Code Files\Sprite2DAnimation.h" />
    <ClInclude Include="Code Files\StaticRenderer.h" />
    <ClInclude Include="Code Files\Texture.h" />
    <ClInclude Include="Code Files\Transform.h" />
    <ClInclude Include="Code Files\Vertex.h" />
    <ClInclude Include="Code Files\ParticleSystem.h" />
    <ClInclude Include="Code Files\PixelationEffect.h" />
  </ItemGroup>
  <ItemGroup>
    <None Include="Code Files\Dependencies\tinygltf\LICENSE" />
    <None Include="Resource Files\Shaders\skybox_frag_shader.glsl" />
    <None Include="Resource Files\Shaders\skybox_vert_shader.glsl" />
    <None Include="Resource Files\Shaders\static_shader.frag" />
  </ItemGroup>
</Project>